
Microsoft Visual Studio Solution File, Format Version 12.00
# Visual Studio Version 17
VisualStudioVersion = 17.7.34221.43
MinimumVisualStudioVersion = 10.0.40219.1
Project("{FAE04EC0-301F-11D3-BF4B-00C04F79EFBC}") = "TimeManager.BLL", "TimeManager.BLL\TimeManager.BLL.csproj", "{9DC7A6DF-B25D-4B02-AA48-45354B9A335A}"
EndProject
Project("{FAE04EC0-301F-11D3-BF4B-00C04F79EFBC}") = "TimeManager.DAL", "TimeManager.DAL\TimeManager.DAL.csproj", "{0F39CFC8-6343-4BD3-BB82-F14EEEBFD328}"
EndProject
Project("{FAE04EC0-301F-11D3-BF4B-00C04F79EFBC}") = "TimeManager.BLL.Tests", "TimeManager.BLL.Tests\TimeManager.BLL.Tests.csproj", "{FD6007D0-D572-44CD-B9AC-E940F194BA8A}"
EndProject
Global
	GlobalSection(SolutionConfigurationPlatforms) = preSolution
		Debug|Any CPU = Debug|Any CPU
		Release|Any CPU = Release|Any CPU
	EndGlobalSection
	GlobalSection(ProjectConfigurationPlatforms) = postSolution
		{9DC7A6DF-B25D-4B02-AA48-45354B9A335A}.Debug|Any CPU.ActiveCfg = Debug|Any CPU
		{9DC7A6DF-B25D-4B02-AA48-45354B9A335A}.Debug|Any CPU.Build.0 = Debug|Any CPU
		{9DC7A6DF-B25D-4B02-AA48-45354B9A335A}.Release|Any CPU.ActiveCfg = Release|Any CPU
		{9DC7A6DF-B25D-4B02-AA48-45354B9A335A}.Release|Any CPU.Build.0 = Release|Any CPU
		{0F39CFC8-6343-4BD3-BB82-F14EEEBFD328}.Debug|Any CPU.ActiveCfg = Debug|Any CPU
		{0F39CFC8-6343-4BD3-BB82-F14EEEBFD328}.Debug|Any CPU.Build.0 = Debug|Any CPU
		{0F39CFC8-6343-4BD3-BB82-F14EEEBFD328}.Release|Any CPU.ActiveCfg = Release|Any CPU
		{0F39CFC8-6343-4BD3-BB82-F14EEEBFD328}.Release|Any CPU.Build.0 = Release|Any CPU
		{FD6007D0-D572-44CD-B9AC-E940F194BA8A}.Debug|Any CPU.ActiveCfg = Debug|Any CPU
		{FD6007D0-D572-44CD-B9AC-E940F194BA8A}.Debug|Any CPU.Build.0 = Debug|Any CPU
		{FD6007D0-D572-44CD-B9AC-E940F194BA8A}.Release|Any CPU.ActiveCfg = Release|Any CPU
		{FD6007D0-D572-44CD-B9AC-E940F194BA8A}.Release|Any CPU.Build.0 = Release|Any CPU
	EndGlobalSection
	GlobalSection(SolutionProperties) = preSolution
		HideSolutionNode = FALSE
	EndGlobalSection
	GlobalSection(ExtensibilityGlobals) = postSolution
		SolutionGuid = {4C248E49-20D9-4502-B4A9-B7DB06E886D5}
	EndGlobalSection
EndGlobal
